<?xml version="1.0" encoding="utf-8"?>
<Project ToolsVersion="17.0" xmlns="http://schemas.microsoft.com/developer/msbuild/2003">
  <ItemGroup>
    <CustomBuild Include="C:\C++\Chess_2\builddir\meson-private\cmake_animationwindow\CMakeFiles\d798916f29df612e0a30e56b7b50e30b\generate.stamp.rule">
      <Filter>CMake Rules</Filter>
    </CustomBuild>
  </ItemGroup>
  <ItemGroup>
    <Filter Include="CMake Rules">
      <UniqueIdentifier>{8C204A10-802A-398A-9A92-C1A9DB4705E0}</UniqueIdentifier>
    </Filter>
  </ItemGroup>
</Project>
